
Microsoft Visual Studio Solution File, Format Version 12.00
# Visual Studio Version 17
VisualStudioVersion = 17.0.31912.275
MinimumVisualStudioVersion = 10.0.40219.1
Project("{9A19103F-16F7-4668-BE54-9A1E7A4F7556}") = "OpenNefia", "OpenNefia\OpenNefia.csproj", "{F186E14E-D351-40D4-9A0E-0D176003C36D}"
	ProjectSection(ProjectDependencies) = postProject
		{6719921A-7085-47BE-90FD-A0A0435943C2} = {6719921A-7085-47BE-90FD-A0A0435943C2}
	EndProjectSection
EndProject
Project("{9A19103F-16F7-4668-BE54-9A1E7A4F7556}") = "project_dotnet", "Thirdparty\Love2dCS\project_dotnet\project_dotnet.csproj", "{FCB03060-6C2A-4DCE-A254-457B735CFCFF}"
EndProject
Project("{9A19103F-16F7-4668-BE54-9A1E7A4F7556}") = "OpenNefia.Tests", "OpenNefia.Tests\OpenNefia.Tests.csproj", "{591F98C8-B2F8-4BDD-BA55-E074F60CF286}"
EndProject
Project("{9A19103F-16F7-4668-BE54-9A1E7A4F7556}") = "CSharpRepl", "..\OpenNefia.NET\Thirdparty\CSharpRepl\CSharpRepl\CSharpRepl.csproj", "{6078ABD3-0531-4259-9E26-C1FEFEA2617F}"
EndProject
Project("{FAE04EC0-301F-11D3-BF4B-00C04F79EFBC}") = "OpenNefia.Analyzers", "OpenNefia.Analyzers\OpenNefia.Analyzers.csproj", "{6719921A-7085-47BE-90FD-A0A0435943C2}"
EndProject
Project("{9A19103F-16F7-4668-BE54-9A1E7A4F7556}") = "CSharpRepl.Services", "..\OpenNefia.NET\Thirdparty\CSharpRepl\CSharpRepl.Services\CSharpRepl.Services.csproj", "{8A5B7637-6128-4046-A552-BB2310FFB73C}"
EndProject
Global
	GlobalSection(SolutionConfigurationPlatforms) = preSolution
		Debug|Any CPU = Debug|Any CPU
		Release|Any CPU = Release|Any CPU
	EndGlobalSection
	GlobalSection(ProjectConfigurationPlatforms) = postSolution
		{F186E14E-D351-40D4-9A0E-0D176003C36D}.Debug|Any CPU.ActiveCfg = Debug|Any CPU
		{F186E14E-D351-40D4-9A0E-0D176003C36D}.Debug|Any CPU.Build.0 = Debug|Any CPU
		{F186E14E-D351-40D4-9A0E-0D176003C36D}.Release|Any CPU.ActiveCfg = Release|Any CPU
		{F186E14E-D351-40D4-9A0E-0D176003C36D}.Release|Any CPU.Build.0 = Release|Any CPU
		{FCB03060-6C2A-4DCE-A254-457B735CFCFF}.Debug|Any CPU.ActiveCfg = Debug|Any CPU
		{FCB03060-6C2A-4DCE-A254-457B735CFCFF}.Debug|Any CPU.Build.0 = Debug|Any CPU
		{FCB03060-6C2A-4DCE-A254-457B735CFCFF}.Release|Any CPU.ActiveCfg = Release|Any CPU
		{FCB03060-6C2A-4DCE-A254-457B735CFCFF}.Release|Any CPU.Build.0 = Release|Any CPU
		{591F98C8-B2F8-4BDD-BA55-E074F60CF286}.Debug|Any CPU.ActiveCfg = Debug|Any CPU
		{591F98C8-B2F8-4BDD-BA55-E074F60CF286}.Debug|Any CPU.Build.0 = Debug|Any CPU
		{591F98C8-B2F8-4BDD-BA55-E074F60CF286}.Release|Any CPU.ActiveCfg = Release|Any CPU
		{591F98C8-B2F8-4BDD-BA55-E074F60CF286}.Release|Any CPU.Build.0 = Release|Any CPU
		{6078ABD3-0531-4259-9E26-C1FEFEA2617F}.Debug|Any CPU.ActiveCfg = Debug|Any CPU
		{6078ABD3-0531-4259-9E26-C1FEFEA2617F}.Debug|Any CPU.Build.0 = Debug|Any CPU
		{6078ABD3-0531-4259-9E26-C1FEFEA2617F}.Release|Any CPU.ActiveCfg = Release|Any CPU
		{6078ABD3-0531-4259-9E26-C1FEFEA2617F}.Release|Any CPU.Build.0 = Release|Any CPU
		{6719921A-7085-47BE-90FD-A0A0435943C2}.Debug|Any CPU.ActiveCfg = Debug|Any CPU
		{6719921A-7085-47BE-90FD-A0A0435943C2}.Debug|Any CPU.Build.0 = Debug|Any CPU
		{6719921A-7085-47BE-90FD-A0A0435943C2}.Release|Any CPU.ActiveCfg = Release|Any CPU
		{6719921A-7085-47BE-90FD-A0A0435943C2}.Release|Any CPU.Build.0 = Release|Any CPU
		{8A5B7637-6128-4046-A552-BB2310FFB73C}.Debug|Any CPU.ActiveCfg = Debug|Any CPU
		{8A5B7637-6128-4046-A552-BB2310FFB73C}.Debug|Any CPU.Build.0 = Debug|Any CPU
		{8A5B7637-6128-4046-A552-BB2310FFB73C}.Release|Any CPU.ActiveCfg = Release|Any CPU
		{8A5B7637-6128-4046-A552-BB2310FFB73C}.Release|Any CPU.Build.0 = Release|Any CPU
	EndGlobalSection
	GlobalSection(SolutionProperties) = preSolution
		HideSolutionNode = FALSE
	EndGlobalSection
	GlobalSection(ExtensibilityGlobals) = postSolution
		SolutionGuid = {E63F4360-703A-44AA-9E69-995B78622EE9}
	EndGlobalSection
EndGlobal
