
Microsoft Visual Studio Solution File, Format Version 12.00
# Visual Studio Version 17
VisualStudioVersion = 17.0.31912.275
MinimumVisualStudioVersion = 10.0.40219.1
Project("{9A19103F-16F7-4668-BE54-9A1E7A4F7556}") = "OpenNefia.EntryPoint", "OpenNefia.EntryPoint\OpenNefia.EntryPoint.csproj", "{3AEBAAE2-2565-4153-A2B7-ED2D7DD092D8}"
	ProjectSection(ProjectDependencies) = postProject
		{832C413B-CB91-4401-BD5E-A4E187A97024} = {832C413B-CB91-4401-BD5E-A4E187A97024}
		{9339C5BA-AE0C-4AEB-82E4-8C7051FBFF8E} = {9339C5BA-AE0C-4AEB-82E4-8C7051FBFF8E}
	EndProjectSection
EndProject
Project("{9A19103F-16F7-4668-BE54-9A1E7A4F7556}") = "OpenNefia.Core", "OpenNefia.Core\OpenNefia.Core.csproj", "{F186E14E-D351-40D4-9A0E-0D176003C36D}"
	ProjectSection(ProjectDependencies) = postProject
		{6719921A-7085-47BE-90FD-A0A0435943C2} = {6719921A-7085-47BE-90FD-A0A0435943C2}
	EndProjectSection
EndProject
Project("{9A19103F-16F7-4668-BE54-9A1E7A4F7556}") = "project_dotnet", "Thirdparty\Love2dCS\project_dotnet\project_dotnet.csproj", "{FCB03060-6C2A-4DCE-A254-457B735CFCFF}"
EndProject
Project("{9A19103F-16F7-4668-BE54-9A1E7A4F7556}") = "OpenNefia.Tests", "OpenNefia.Tests\OpenNefia.Tests.csproj", "{591F98C8-B2F8-4BDD-BA55-E074F60CF286}"
EndProject
Project("{9A19103F-16F7-4668-BE54-9A1E7A4F7556}") = "CSharpRepl", "Thirdparty\CSharpRepl\CSharpRepl\CSharpRepl.csproj", "{6078ABD3-0531-4259-9E26-C1FEFEA2617F}"
EndProject
Project("{9A19103F-16F7-4668-BE54-9A1E7A4F7556}") = "OpenNefia.Analyzers", "OpenNefia.Analyzers\OpenNefia.Analyzers.csproj", "{6719921A-7085-47BE-90FD-A0A0435943C2}"
EndProject
Project("{9A19103F-16F7-4668-BE54-9A1E7A4F7556}") = "CSharpRepl.Services", "Thirdparty\CSharpRepl\CSharpRepl.Services\CSharpRepl.Services.csproj", "{8A5B7637-6128-4046-A552-BB2310FFB73C}"
EndProject
Project("{9A19103F-16F7-4668-BE54-9A1E7A4F7556}") = "OpenNefia.Content", "OpenNefia.Content\OpenNefia.Content.csproj", "{9339C5BA-AE0C-4AEB-82E4-8C7051FBFF8E}"
EndProject
Project("{9A19103F-16F7-4668-BE54-9A1E7A4F7556}") = "OpenNefia.Content.Tests", "OpenNefia.Content.Tests\OpenNefia.Content.Tests.csproj", "{92BB5654-5344-45C0-A10C-24C2635455EA}"
EndProject
Project("{2150E333-8FDC-42A3-9474-1A3956D46DE8}") = "Solution Items", "Solution Items", "{56ECDAC6-A5E2-4C19-8C4C-B4F33EAC700A}"
	ProjectSection(SolutionItems) = preProject
		.gitignore = .gitignore
		nuget.config = nuget.config
		MSBuild\OpenNefia.Analyzers.targets = MSBuild\OpenNefia.Analyzers.targets
		MSBuild\OpenNefia.DefineConstants.targets = MSBuild\OpenNefia.DefineConstants.targets
		MSBuild\OpenNefia.Engine.props = MSBuild\OpenNefia.Engine.props
		MSBuild\OpenNefia.Engine.Version.props = MSBuild\OpenNefia.Engine.Version.props
		MSBuild\OpenNefia.Mod.props = MSBuild\OpenNefia.Mod.props
		MSBuild\OpenNefia.Properties.targets = MSBuild\OpenNefia.Properties.targets
		MSBuild\OpenNefia.ruleset = MSBuild\OpenNefia.ruleset
		MSBuild\XamlIL.targets = MSBuild\XamlIL.targets
	EndProjectSection
EndProject
Project("{9A19103F-16F7-4668-BE54-9A1E7A4F7556}") = "OpenNefia.Packaging", "OpenNefia.Packaging\OpenNefia.Packaging.csproj", "{A7C8D50F-6CB4-4DDF-9E01-1EBDCD77BE39}"
EndProject
Project("{9A19103F-16F7-4668-BE54-9A1E7A4F7556}") = "OpenNefia.Benchmarks", "OpenNefia.Benchmarks\OpenNefia.Benchmarks.csproj", "{0389FFD0-9953-4203-AC6B-022E77B7C7EC}"
EndProject
Project("{9A19103F-16F7-4668-BE54-9A1E7A4F7556}") = "OpenNefia.XamlInjectors", "OpenNefia.XamlInjectors\OpenNefia.XamlInjectors.csproj", "{4C4C4EDB-5ADB-4173-AFE1-C7BE01A6DBD9}"
EndProject
Project("{9A19103F-16F7-4668-BE54-9A1E7A4F7556}") = "OpenNefia.XamlNameGenerator", "OpenNefia.XamlNameGenerator\OpenNefia.XamlNameGenerator.csproj", "{9C38977E-122E-449F-A944-124C6E4FEEBC}"
EndProject
Project("{9A19103F-16F7-4668-BE54-9A1E7A4F7556}") = "XamlX", "Thirdparty\XamlX\src\XamlX\XamlX.csproj", "{35A0B168-F2F3-4F7B-91DE-47941FAEFB0B}"
EndProject
Project("{9A19103F-16F7-4668-BE54-9A1E7A4F7556}") = "XamlX.IL.Cecil", "Thirdparty\XamlX\src\XamlX.IL.Cecil\XamlX.IL.Cecil.csproj", "{5B70AF15-09C8-4D6B-A144-5C94C92BD189}"
EndProject
Project("{9A19103F-16F7-4668-BE54-9A1E7A4F7556}") = "XamlX.Runtime", "Thirdparty\XamlX\src\XamlX.Runtime\XamlX.Runtime.csproj", "{52F5601C-712E-4DF4-AB92-171C39783EE2}"
EndProject
Project("{9A19103F-16F7-4668-BE54-9A1E7A4F7556}") = "OpenNefia.YAMLValidator", "OpenNefia.YAMLValidator\OpenNefia.YAMLValidator.csproj", "{AE161F08-1876-4462-9743-347DCB4986DE}"
	ProjectSection(ProjectDependencies) = postProject
		{832C413B-CB91-4401-BD5E-A4E187A97024} = {832C413B-CB91-4401-BD5E-A4E187A97024}
		{9339C5BA-AE0C-4AEB-82E4-8C7051FBFF8E} = {9339C5BA-AE0C-4AEB-82E4-8C7051FBFF8E}
	EndProjectSection
EndProject
Project("{2150E333-8FDC-42A3-9474-1A3956D46DE8}") = "Mods", "Mods", "{CC96BD69-D6F5-4840-8038-5D6EC0A8F8ED}"
	ProjectSection(SolutionItems) = preProject
		Mods\Themes.Beautify\Themes.Beautify.csproj = Mods\Themes.Beautify\Themes.Beautify.csproj
	EndProjectSection
EndProject
Project("{9A19103F-16F7-4668-BE54-9A1E7A4F7556}") = "OpenNefia.LecchoTorte", "Mods\OpenNefia.LecchoTorte\OpenNefia.LecchoTorte.csproj", "{832C413B-CB91-4401-BD5E-A4E187A97024}"
EndProject
Project("{9A19103F-16F7-4668-BE54-9A1E7A4F7556}") = "OpenNefia.VisualAI", "Mods\OpenNefia.VisualAI\OpenNefia.VisualAI.csproj", "{49FC97BB-15C8-4FE4-A6A8-AB93A5770EA2}"
EndProject
Global
	GlobalSection(SolutionConfigurationPlatforms) = preSolution
		Debug|Any CPU = Debug|Any CPU
		Debug|x86 = Debug|x86
		Release|Any CPU = Release|Any CPU
		Release|x86 = Release|x86
	EndGlobalSection
	GlobalSection(ProjectConfigurationPlatforms) = postSolution
		{3AEBAAE2-2565-4153-A2B7-ED2D7DD092D8}.Debug|Any CPU.ActiveCfg = Debug|Any CPU
		{3AEBAAE2-2565-4153-A2B7-ED2D7DD092D8}.Debug|Any CPU.Build.0 = Debug|Any CPU
		{3AEBAAE2-2565-4153-A2B7-ED2D7DD092D8}.Debug|x86.ActiveCfg = Debug|Any CPU
		{3AEBAAE2-2565-4153-A2B7-ED2D7DD092D8}.Debug|x86.Build.0 = Debug|Any CPU
		{3AEBAAE2-2565-4153-A2B7-ED2D7DD092D8}.Release|Any CPU.ActiveCfg = Release|Any CPU
		{3AEBAAE2-2565-4153-A2B7-ED2D7DD092D8}.Release|Any CPU.Build.0 = Release|Any CPU
		{3AEBAAE2-2565-4153-A2B7-ED2D7DD092D8}.Release|x86.ActiveCfg = Release|Any CPU
		{3AEBAAE2-2565-4153-A2B7-ED2D7DD092D8}.Release|x86.Build.0 = Release|Any CPU
		{F186E14E-D351-40D4-9A0E-0D176003C36D}.Debug|Any CPU.ActiveCfg = Debug|Any CPU
		{F186E14E-D351-40D4-9A0E-0D176003C36D}.Debug|Any CPU.Build.0 = Debug|Any CPU
		{F186E14E-D351-40D4-9A0E-0D176003C36D}.Debug|x86.ActiveCfg = Debug|Any CPU
		{F186E14E-D351-40D4-9A0E-0D176003C36D}.Debug|x86.Build.0 = Debug|Any CPU
		{F186E14E-D351-40D4-9A0E-0D176003C36D}.Release|Any CPU.ActiveCfg = Release|Any CPU
		{F186E14E-D351-40D4-9A0E-0D176003C36D}.Release|Any CPU.Build.0 = Release|Any CPU
		{F186E14E-D351-40D4-9A0E-0D176003C36D}.Release|x86.ActiveCfg = Release|Any CPU
		{F186E14E-D351-40D4-9A0E-0D176003C36D}.Release|x86.Build.0 = Release|Any CPU
		{FCB03060-6C2A-4DCE-A254-457B735CFCFF}.Debug|Any CPU.ActiveCfg = Debug|Any CPU
		{FCB03060-6C2A-4DCE-A254-457B735CFCFF}.Debug|Any CPU.Build.0 = Debug|Any CPU
		{FCB03060-6C2A-4DCE-A254-457B735CFCFF}.Debug|x86.ActiveCfg = Debug|Any CPU
		{FCB03060-6C2A-4DCE-A254-457B735CFCFF}.Debug|x86.Build.0 = Debug|Any CPU
		{FCB03060-6C2A-4DCE-A254-457B735CFCFF}.Release|Any CPU.ActiveCfg = Release|Any CPU
		{FCB03060-6C2A-4DCE-A254-457B735CFCFF}.Release|Any CPU.Build.0 = Release|Any CPU
		{FCB03060-6C2A-4DCE-A254-457B735CFCFF}.Release|x86.ActiveCfg = Release|Any CPU
		{FCB03060-6C2A-4DCE-A254-457B735CFCFF}.Release|x86.Build.0 = Release|Any CPU
		{591F98C8-B2F8-4BDD-BA55-E074F60CF286}.Debug|Any CPU.ActiveCfg = Debug|Any CPU
		{591F98C8-B2F8-4BDD-BA55-E074F60CF286}.Debug|Any CPU.Build.0 = Debug|Any CPU
		{591F98C8-B2F8-4BDD-BA55-E074F60CF286}.Debug|x86.ActiveCfg = Debug|Any CPU
		{591F98C8-B2F8-4BDD-BA55-E074F60CF286}.Debug|x86.Build.0 = Debug|Any CPU
		{591F98C8-B2F8-4BDD-BA55-E074F60CF286}.Release|Any CPU.ActiveCfg = Release|Any CPU
		{591F98C8-B2F8-4BDD-BA55-E074F60CF286}.Release|Any CPU.Build.0 = Release|Any CPU
		{591F98C8-B2F8-4BDD-BA55-E074F60CF286}.Release|x86.ActiveCfg = Release|Any CPU
		{591F98C8-B2F8-4BDD-BA55-E074F60CF286}.Release|x86.Build.0 = Release|Any CPU
		{6078ABD3-0531-4259-9E26-C1FEFEA2617F}.Debug|Any CPU.ActiveCfg = Debug|Any CPU
		{6078ABD3-0531-4259-9E26-C1FEFEA2617F}.Debug|Any CPU.Build.0 = Debug|Any CPU
		{6078ABD3-0531-4259-9E26-C1FEFEA2617F}.Debug|x86.ActiveCfg = Debug|Any CPU
		{6078ABD3-0531-4259-9E26-C1FEFEA2617F}.Debug|x86.Build.0 = Debug|Any CPU
		{6078ABD3-0531-4259-9E26-C1FEFEA2617F}.Release|Any CPU.ActiveCfg = Release|Any CPU
		{6078ABD3-0531-4259-9E26-C1FEFEA2617F}.Release|Any CPU.Build.0 = Release|Any CPU
		{6078ABD3-0531-4259-9E26-C1FEFEA2617F}.Release|x86.ActiveCfg = Release|Any CPU
		{6078ABD3-0531-4259-9E26-C1FEFEA2617F}.Release|x86.Build.0 = Release|Any CPU
		{6719921A-7085-47BE-90FD-A0A0435943C2}.Debug|Any CPU.ActiveCfg = Debug|Any CPU
		{6719921A-7085-47BE-90FD-A0A0435943C2}.Debug|Any CPU.Build.0 = Debug|Any CPU
		{6719921A-7085-47BE-90FD-A0A0435943C2}.Debug|x86.ActiveCfg = Debug|Any CPU
		{6719921A-7085-47BE-90FD-A0A0435943C2}.Debug|x86.Build.0 = Debug|Any CPU
		{6719921A-7085-47BE-90FD-A0A0435943C2}.Release|Any CPU.ActiveCfg = Release|Any CPU
		{6719921A-7085-47BE-90FD-A0A0435943C2}.Release|Any CPU.Build.0 = Release|Any CPU
		{6719921A-7085-47BE-90FD-A0A0435943C2}.Release|x86.ActiveCfg = Release|Any CPU
		{6719921A-7085-47BE-90FD-A0A0435943C2}.Release|x86.Build.0 = Release|Any CPU
		{8A5B7637-6128-4046-A552-BB2310FFB73C}.Debug|Any CPU.ActiveCfg = Debug|Any CPU
		{8A5B7637-6128-4046-A552-BB2310FFB73C}.Debug|Any CPU.Build.0 = Debug|Any CPU
		{8A5B7637-6128-4046-A552-BB2310FFB73C}.Debug|x86.ActiveCfg = Debug|Any CPU
		{8A5B7637-6128-4046-A552-BB2310FFB73C}.Debug|x86.Build.0 = Debug|Any CPU
		{8A5B7637-6128-4046-A552-BB2310FFB73C}.Release|Any CPU.ActiveCfg = Release|Any CPU
		{8A5B7637-6128-4046-A552-BB2310FFB73C}.Release|Any CPU.Build.0 = Release|Any CPU
		{8A5B7637-6128-4046-A552-BB2310FFB73C}.Release|x86.ActiveCfg = Release|Any CPU
		{8A5B7637-6128-4046-A552-BB2310FFB73C}.Release|x86.Build.0 = Release|Any CPU
		{9339C5BA-AE0C-4AEB-82E4-8C7051FBFF8E}.Debug|Any CPU.ActiveCfg = Debug|Any CPU
		{9339C5BA-AE0C-4AEB-82E4-8C7051FBFF8E}.Debug|Any CPU.Build.0 = Debug|Any CPU
		{9339C5BA-AE0C-4AEB-82E4-8C7051FBFF8E}.Debug|x86.ActiveCfg = Debug|Any CPU
		{9339C5BA-AE0C-4AEB-82E4-8C7051FBFF8E}.Debug|x86.Build.0 = Debug|Any CPU
		{9339C5BA-AE0C-4AEB-82E4-8C7051FBFF8E}.Release|Any CPU.ActiveCfg = Release|Any CPU
		{9339C5BA-AE0C-4AEB-82E4-8C7051FBFF8E}.Release|Any CPU.Build.0 = Release|Any CPU
		{9339C5BA-AE0C-4AEB-82E4-8C7051FBFF8E}.Release|x86.ActiveCfg = Release|Any CPU
		{9339C5BA-AE0C-4AEB-82E4-8C7051FBFF8E}.Release|x86.Build.0 = Release|Any CPU
		{92BB5654-5344-45C0-A10C-24C2635455EA}.Debug|Any CPU.ActiveCfg = Debug|Any CPU
		{92BB5654-5344-45C0-A10C-24C2635455EA}.Debug|Any CPU.Build.0 = Debug|Any CPU
		{92BB5654-5344-45C0-A10C-24C2635455EA}.Debug|x86.ActiveCfg = Debug|Any CPU
		{92BB5654-5344-45C0-A10C-24C2635455EA}.Debug|x86.Build.0 = Debug|Any CPU
		{92BB5654-5344-45C0-A10C-24C2635455EA}.Release|Any CPU.ActiveCfg = Release|Any CPU
		{92BB5654-5344-45C0-A10C-24C2635455EA}.Release|Any CPU.Build.0 = Release|Any CPU
		{92BB5654-5344-45C0-A10C-24C2635455EA}.Release|x86.ActiveCfg = Release|Any CPU
		{92BB5654-5344-45C0-A10C-24C2635455EA}.Release|x86.Build.0 = Release|Any CPU
		{A7C8D50F-6CB4-4DDF-9E01-1EBDCD77BE39}.Debug|Any CPU.ActiveCfg = Debug|Any CPU
		{A7C8D50F-6CB4-4DDF-9E01-1EBDCD77BE39}.Debug|Any CPU.Build.0 = Debug|Any CPU
		{A7C8D50F-6CB4-4DDF-9E01-1EBDCD77BE39}.Debug|x86.ActiveCfg = Debug|Any CPU
		{A7C8D50F-6CB4-4DDF-9E01-1EBDCD77BE39}.Debug|x86.Build.0 = Debug|Any CPU
		{A7C8D50F-6CB4-4DDF-9E01-1EBDCD77BE39}.Release|Any CPU.ActiveCfg = Release|Any CPU
		{A7C8D50F-6CB4-4DDF-9E01-1EBDCD77BE39}.Release|Any CPU.Build.0 = Release|Any CPU
		{A7C8D50F-6CB4-4DDF-9E01-1EBDCD77BE39}.Release|x86.ActiveCfg = Release|Any CPU
		{A7C8D50F-6CB4-4DDF-9E01-1EBDCD77BE39}.Release|x86.Build.0 = Release|Any CPU
		{0389FFD0-9953-4203-AC6B-022E77B7C7EC}.Debug|Any CPU.ActiveCfg = Debug|Any CPU
		{0389FFD0-9953-4203-AC6B-022E77B7C7EC}.Debug|Any CPU.Build.0 = Debug|Any CPU
		{0389FFD0-9953-4203-AC6B-022E77B7C7EC}.Debug|x86.ActiveCfg = Debug|Any CPU
		{0389FFD0-9953-4203-AC6B-022E77B7C7EC}.Debug|x86.Build.0 = Debug|Any CPU
		{0389FFD0-9953-4203-AC6B-022E77B7C7EC}.Release|Any CPU.ActiveCfg = Release|Any CPU
		{0389FFD0-9953-4203-AC6B-022E77B7C7EC}.Release|Any CPU.Build.0 = Release|Any CPU
		{0389FFD0-9953-4203-AC6B-022E77B7C7EC}.Release|x86.ActiveCfg = Release|Any CPU
		{0389FFD0-9953-4203-AC6B-022E77B7C7EC}.Release|x86.Build.0 = Release|Any CPU
		{4C4C4EDB-5ADB-4173-AFE1-C7BE01A6DBD9}.Debug|Any CPU.ActiveCfg = Debug|Any CPU
		{4C4C4EDB-5ADB-4173-AFE1-C7BE01A6DBD9}.Debug|Any CPU.Build.0 = Debug|Any CPU
		{4C4C4EDB-5ADB-4173-AFE1-C7BE01A6DBD9}.Debug|x86.ActiveCfg = Debug|Any CPU
		{4C4C4EDB-5ADB-4173-AFE1-C7BE01A6DBD9}.Debug|x86.Build.0 = Debug|Any CPU
		{4C4C4EDB-5ADB-4173-AFE1-C7BE01A6DBD9}.Release|Any CPU.ActiveCfg = Release|Any CPU
		{4C4C4EDB-5ADB-4173-AFE1-C7BE01A6DBD9}.Release|Any CPU.Build.0 = Release|Any CPU
		{4C4C4EDB-5ADB-4173-AFE1-C7BE01A6DBD9}.Release|x86.ActiveCfg = Release|Any CPU
		{4C4C4EDB-5ADB-4173-AFE1-C7BE01A6DBD9}.Release|x86.Build.0 = Release|Any CPU
		{9C38977E-122E-449F-A944-124C6E4FEEBC}.Debug|Any CPU.ActiveCfg = Debug|Any CPU
		{9C38977E-122E-449F-A944-124C6E4FEEBC}.Debug|Any CPU.Build.0 = Debug|Any CPU
		{9C38977E-122E-449F-A944-124C6E4FEEBC}.Debug|x86.ActiveCfg = Debug|Any CPU
		{9C38977E-122E-449F-A944-124C6E4FEEBC}.Debug|x86.Build.0 = Debug|Any CPU
		{9C38977E-122E-449F-A944-124C6E4FEEBC}.Release|Any CPU.ActiveCfg = Release|Any CPU
		{9C38977E-122E-449F-A944-124C6E4FEEBC}.Release|Any CPU.Build.0 = Release|Any CPU
		{9C38977E-122E-449F-A944-124C6E4FEEBC}.Release|x86.ActiveCfg = Release|Any CPU
		{9C38977E-122E-449F-A944-124C6E4FEEBC}.Release|x86.Build.0 = Release|Any CPU
		{35A0B168-F2F3-4F7B-91DE-47941FAEFB0B}.Debug|Any CPU.ActiveCfg = Debug|Any CPU
		{35A0B168-F2F3-4F7B-91DE-47941FAEFB0B}.Debug|Any CPU.Build.0 = Debug|Any CPU
		{35A0B168-F2F3-4F7B-91DE-47941FAEFB0B}.Debug|x86.ActiveCfg = Debug|Any CPU
		{35A0B168-F2F3-4F7B-91DE-47941FAEFB0B}.Debug|x86.Build.0 = Debug|Any CPU
		{35A0B168-F2F3-4F7B-91DE-47941FAEFB0B}.Release|Any CPU.ActiveCfg = Release|Any CPU
		{35A0B168-F2F3-4F7B-91DE-47941FAEFB0B}.Release|Any CPU.Build.0 = Release|Any CPU
		{35A0B168-F2F3-4F7B-91DE-47941FAEFB0B}.Release|x86.ActiveCfg = Release|Any CPU
		{35A0B168-F2F3-4F7B-91DE-47941FAEFB0B}.Release|x86.Build.0 = Release|Any CPU
		{5B70AF15-09C8-4D6B-A144-5C94C92BD189}.Debug|Any CPU.ActiveCfg = Debug|Any CPU
		{5B70AF15-09C8-4D6B-A144-5C94C92BD189}.Debug|Any CPU.Build.0 = Debug|Any CPU
		{5B70AF15-09C8-4D6B-A144-5C94C92BD189}.Debug|x86.ActiveCfg = Debug|Any CPU
		{5B70AF15-09C8-4D6B-A144-5C94C92BD189}.Debug|x86.Build.0 = Debug|Any CPU
		{5B70AF15-09C8-4D6B-A144-5C94C92BD189}.Release|Any CPU.ActiveCfg = Release|Any CPU
		{5B70AF15-09C8-4D6B-A144-5C94C92BD189}.Release|Any CPU.Build.0 = Release|Any CPU
		{5B70AF15-09C8-4D6B-A144-5C94C92BD189}.Release|x86.ActiveCfg = Release|Any CPU
		{5B70AF15-09C8-4D6B-A144-5C94C92BD189}.Release|x86.Build.0 = Release|Any CPU
		{52F5601C-712E-4DF4-AB92-171C39783EE2}.Debug|Any CPU.ActiveCfg = Debug|Any CPU
		{52F5601C-712E-4DF4-AB92-171C39783EE2}.Debug|Any CPU.Build.0 = Debug|Any CPU
		{52F5601C-712E-4DF4-AB92-171C39783EE2}.Debug|x86.ActiveCfg = Debug|Any CPU
		{52F5601C-712E-4DF4-AB92-171C39783EE2}.Debug|x86.Build.0 = Debug|Any CPU
		{52F5601C-712E-4DF4-AB92-171C39783EE2}.Release|Any CPU.ActiveCfg = Release|Any CPU
		{52F5601C-712E-4DF4-AB92-171C39783EE2}.Release|Any CPU.Build.0 = Release|Any CPU
		{52F5601C-712E-4DF4-AB92-171C39783EE2}.Release|x86.ActiveCfg = Release|Any CPU
		{52F5601C-712E-4DF4-AB92-171C39783EE2}.Release|x86.Build.0 = Release|Any CPU
		{AE161F08-1876-4462-9743-347DCB4986DE}.Debug|Any CPU.ActiveCfg = Debug|Any CPU
		{AE161F08-1876-4462-9743-347DCB4986DE}.Debug|Any CPU.Build.0 = Debug|Any CPU
		{AE161F08-1876-4462-9743-347DCB4986DE}.Debug|x86.ActiveCfg = Debug|Any CPU
		{AE161F08-1876-4462-9743-347DCB4986DE}.Debug|x86.Build.0 = Debug|Any CPU
		{AE161F08-1876-4462-9743-347DCB4986DE}.Release|Any CPU.ActiveCfg = Release|Any CPU
		{AE161F08-1876-4462-9743-347DCB4986DE}.Release|Any CPU.Build.0 = Release|Any CPU
		{AE161F08-1876-4462-9743-347DCB4986DE}.Release|x86.ActiveCfg = Release|Any CPU
		{AE161F08-1876-4462-9743-347DCB4986DE}.Release|x86.Build.0 = Release|Any CPU
		{832C413B-CB91-4401-BD5E-A4E187A97024}.Debug|Any CPU.ActiveCfg = Debug|Any CPU
		{832C413B-CB91-4401-BD5E-A4E187A97024}.Debug|Any CPU.Build.0 = Debug|Any CPU
		{832C413B-CB91-4401-BD5E-A4E187A97024}.Debug|x86.ActiveCfg = Debug|Any CPU
		{832C413B-CB91-4401-BD5E-A4E187A97024}.Debug|x86.Build.0 = Debug|Any CPU
		{832C413B-CB91-4401-BD5E-A4E187A97024}.Release|Any CPU.ActiveCfg = Release|Any CPU
		{832C413B-CB91-4401-BD5E-A4E187A97024}.Release|Any CPU.Build.0 = Release|Any CPU
		{832C413B-CB91-4401-BD5E-A4E187A97024}.Release|x86.ActiveCfg = Release|Any CPU
		{832C413B-CB91-4401-BD5E-A4E187A97024}.Release|x86.Build.0 = Release|Any CPU
		{49FC97BB-15C8-4FE4-A6A8-AB93A5770EA2}.Debug|Any CPU.ActiveCfg = Debug|Any CPU
		{49FC97BB-15C8-4FE4-A6A8-AB93A5770EA2}.Debug|Any CPU.Build.0 = Debug|Any CPU
		{49FC97BB-15C8-4FE4-A6A8-AB93A5770EA2}.Debug|x86.ActiveCfg = Debug|Any CPU
		{49FC97BB-15C8-4FE4-A6A8-AB93A5770EA2}.Debug|x86.Build.0 = Debug|Any CPU
		{49FC97BB-15C8-4FE4-A6A8-AB93A5770EA2}.Release|Any CPU.ActiveCfg = Release|Any CPU
		{49FC97BB-15C8-4FE4-A6A8-AB93A5770EA2}.Release|Any CPU.Build.0 = Release|Any CPU
		{49FC97BB-15C8-4FE4-A6A8-AB93A5770EA2}.Release|x86.ActiveCfg = Release|Any CPU
		{49FC97BB-15C8-4FE4-A6A8-AB93A5770EA2}.Release|x86.Build.0 = Release|Any CPU
	EndGlobalSection
	GlobalSection(SolutionProperties) = preSolution
		HideSolutionNode = FALSE
	EndGlobalSection
	GlobalSection(NestedProjects) = preSolution
		{832C413B-CB91-4401-BD5E-A4E187A97024} = {CC96BD69-D6F5-4840-8038-5D6EC0A8F8ED}
		{49FC97BB-15C8-4FE4-A6A8-AB93A5770EA2} = {CC96BD69-D6F5-4840-8038-5D6EC0A8F8ED}
	EndGlobalSection
	GlobalSection(ExtensibilityGlobals) = postSolution
		SolutionGuid = {E63F4360-703A-44AA-9E69-995B78622EE9}
	EndGlobalSection
EndGlobal
