
Microsoft Visual Studio Solution File, Format Version 12.00
# Visual Studio Version 17
VisualStudioVersion = 17.5.001.0
MinimumVisualStudioVersion = 10.0.40219.1
Project("{9A19103F-16F7-4668-BE54-9A1E7A4F7556}") = "OpenNefia.EntryPoint", "OpenNefia.EntryPoint.csproj", "{35B1E1DD-7E5A-4EE2-AC92-BF48B9E0434F}"
EndProject
Global
	GlobalSection(SolutionConfigurationPlatforms) = preSolution
		Debug|Any CPU = Debug|Any CPU
		Release|Any CPU = Release|Any CPU
	EndGlobalSection
	GlobalSection(ProjectConfigurationPlatforms) = postSolution
		{35B1E1DD-7E5A-4EE2-AC92-BF48B9E0434F}.Debug|Any CPU.ActiveCfg = Debug|Any CPU
		{35B1E1DD-7E5A-4EE2-AC92-BF48B9E0434F}.Debug|Any CPU.Build.0 = Debug|Any CPU
		{35B1E1DD-7E5A-4EE2-AC92-BF48B9E0434F}.Release|Any CPU.ActiveCfg = Release|Any CPU
		{35B1E1DD-7E5A-4EE2-AC92-BF48B9E0434F}.Release|Any CPU.Build.0 = Release|Any CPU
	EndGlobalSection
	GlobalSection(SolutionProperties) = preSolution
		HideSolutionNode = FALSE
	EndGlobalSection
	GlobalSection(ExtensibilityGlobals) = postSolution
		SolutionGuid = {11608B90-C595-455B-B7B5-68A139132349}
	EndGlobalSection
EndGlobal
