
Microsoft Visual Studio Solution File, Format Version 12.00
# Visual Studio Version 17
VisualStudioVersion = 17.0.32014.148
MinimumVisualStudioVersion = 10.0.40219.1
Project("{FAE04EC0-301F-11D3-BF4B-00C04F79EFBC}") = "OpenNefia.VSTemplates.Control", "VSTemplates\Control\OpenNefia.VSTemplates.Control.csproj", "{E94B32C1-248A-4CAF-AB46-5D1B7906771D}"
EndProject
Project("{FAE04EC0-301F-11D3-BF4B-00C04F79EFBC}") = "OpenNefia.VSTemplates.Window", "VSTemplates\Window\OpenNefia.VSTemplates.Window.csproj", "{E33B9756-055C-463D-ACAC-A6D3155BE57E}"
EndProject
Project("{FAE04EC0-301F-11D3-BF4B-00C04F79EFBC}") = "OpenNefia.VSTemplates.Component", "VSTemplates\Component\OpenNefia.VSTemplates.Component.csproj", "{53579C46-4E6B-45BC-A98D-22B653B6D878}"
EndProject
Project("{FAE04EC0-301F-11D3-BF4B-00C04F79EFBC}") = "OpenNefia.VSTemplates.EntitySystem", "VSTemplates\EntitySystem\OpenNefia.VSTemplates.EntitySystem.csproj", "{22CD102A-69DF-45C7-AA10-8B5A78C5E345}"
EndProject
Project("{FAE04EC0-301F-11D3-BF4B-00C04F79EFBC}") = "OpenNefia.VSTemplates.Prototype", "VSTemplates\Prototype\OpenNefia.VSTemplates.Prototype.csproj", "{92445040-33C7-46F2-B608-A104EAE863AD}"
EndProject
Project("{FAE04EC0-301F-11D3-BF4B-00C04F79EFBC}") = "OpenNefia.VSTemplates.PrototypeHsp", "VSTemplates\PrototypeHsp\OpenNefia.VSTemplates.PrototypeHsp.csproj", "{C291B0CA-8308-4ACD-B770-E9793255EE61}"
EndProject
Project("{FAE04EC0-301F-11D3-BF4B-00C04F79EFBC}") = "OpenNefia.VSTemplates.Test.EntitySystem", "VSTemplates\Test.EntitySystem\OpenNefia.VSTemplates.Test.EntitySystem.csproj", "{1DEF0E56-52FB-4DE5-A741-0B82E17253E7}"
EndProject
Global
	GlobalSection(SolutionConfigurationPlatforms) = preSolution
		Debug|Any CPU = Debug|Any CPU
		Debug|x86 = Debug|x86
		Release|Any CPU = Release|Any CPU
		Release|x86 = Release|x86
	EndGlobalSection
	GlobalSection(ProjectConfigurationPlatforms) = postSolution
		{E94B32C1-248A-4CAF-AB46-5D1B7906771D}.Debug|Any CPU.ActiveCfg = Debug|Any CPU
		{E94B32C1-248A-4CAF-AB46-5D1B7906771D}.Debug|Any CPU.Build.0 = Debug|Any CPU
		{E94B32C1-248A-4CAF-AB46-5D1B7906771D}.Debug|x86.ActiveCfg = Debug|x86
		{E94B32C1-248A-4CAF-AB46-5D1B7906771D}.Debug|x86.Build.0 = Debug|x86
		{E94B32C1-248A-4CAF-AB46-5D1B7906771D}.Release|Any CPU.ActiveCfg = Release|Any CPU
		{E94B32C1-248A-4CAF-AB46-5D1B7906771D}.Release|Any CPU.Build.0 = Release|Any CPU
		{E94B32C1-248A-4CAF-AB46-5D1B7906771D}.Release|x86.ActiveCfg = Release|x86
		{E94B32C1-248A-4CAF-AB46-5D1B7906771D}.Release|x86.Build.0 = Release|x86
		{E33B9756-055C-463D-ACAC-A6D3155BE57E}.Debug|Any CPU.ActiveCfg = Debug|Any CPU
		{E33B9756-055C-463D-ACAC-A6D3155BE57E}.Debug|Any CPU.Build.0 = Debug|Any CPU
		{E33B9756-055C-463D-ACAC-A6D3155BE57E}.Debug|x86.ActiveCfg = Debug|x86
		{E33B9756-055C-463D-ACAC-A6D3155BE57E}.Debug|x86.Build.0 = Debug|x86
		{E33B9756-055C-463D-ACAC-A6D3155BE57E}.Release|Any CPU.ActiveCfg = Release|Any CPU
		{E33B9756-055C-463D-ACAC-A6D3155BE57E}.Release|Any CPU.Build.0 = Release|Any CPU
		{E33B9756-055C-463D-ACAC-A6D3155BE57E}.Release|x86.ActiveCfg = Release|x86
		{E33B9756-055C-463D-ACAC-A6D3155BE57E}.Release|x86.Build.0 = Release|x86
		{53579C46-4E6B-45BC-A98D-22B653B6D878}.Debug|Any CPU.ActiveCfg = Debug|Any CPU
		{53579C46-4E6B-45BC-A98D-22B653B6D878}.Debug|Any CPU.Build.0 = Debug|Any CPU
		{53579C46-4E6B-45BC-A98D-22B653B6D878}.Debug|x86.ActiveCfg = Debug|x86
		{53579C46-4E6B-45BC-A98D-22B653B6D878}.Debug|x86.Build.0 = Debug|x86
		{53579C46-4E6B-45BC-A98D-22B653B6D878}.Release|Any CPU.ActiveCfg = Release|Any CPU
		{53579C46-4E6B-45BC-A98D-22B653B6D878}.Release|Any CPU.Build.0 = Release|Any CPU
		{53579C46-4E6B-45BC-A98D-22B653B6D878}.Release|x86.ActiveCfg = Release|x86
		{53579C46-4E6B-45BC-A98D-22B653B6D878}.Release|x86.Build.0 = Release|x86
		{22CD102A-69DF-45C7-AA10-8B5A78C5E345}.Debug|Any CPU.ActiveCfg = Debug|Any CPU
		{22CD102A-69DF-45C7-AA10-8B5A78C5E345}.Debug|Any CPU.Build.0 = Debug|Any CPU
		{22CD102A-69DF-45C7-AA10-8B5A78C5E345}.Debug|x86.ActiveCfg = Debug|x86
		{22CD102A-69DF-45C7-AA10-8B5A78C5E345}.Debug|x86.Build.0 = Debug|x86
		{22CD102A-69DF-45C7-AA10-8B5A78C5E345}.Release|Any CPU.ActiveCfg = Release|Any CPU
		{22CD102A-69DF-45C7-AA10-8B5A78C5E345}.Release|Any CPU.Build.0 = Release|Any CPU
		{22CD102A-69DF-45C7-AA10-8B5A78C5E345}.Release|x86.ActiveCfg = Release|x86
		{22CD102A-69DF-45C7-AA10-8B5A78C5E345}.Release|x86.Build.0 = Release|x86
		{92445040-33C7-46F2-B608-A104EAE863AD}.Debug|Any CPU.ActiveCfg = Debug|Any CPU
		{92445040-33C7-46F2-B608-A104EAE863AD}.Debug|Any CPU.Build.0 = Debug|Any CPU
		{92445040-33C7-46F2-B608-A104EAE863AD}.Debug|x86.ActiveCfg = Debug|x86
		{92445040-33C7-46F2-B608-A104EAE863AD}.Debug|x86.Build.0 = Debug|x86
		{92445040-33C7-46F2-B608-A104EAE863AD}.Release|Any CPU.ActiveCfg = Release|Any CPU
		{92445040-33C7-46F2-B608-A104EAE863AD}.Release|Any CPU.Build.0 = Release|Any CPU
		{92445040-33C7-46F2-B608-A104EAE863AD}.Release|x86.ActiveCfg = Release|x86
		{92445040-33C7-46F2-B608-A104EAE863AD}.Release|x86.Build.0 = Release|x86
		{C291B0CA-8308-4ACD-B770-E9793255EE61}.Debug|Any CPU.ActiveCfg = Debug|Any CPU
		{C291B0CA-8308-4ACD-B770-E9793255EE61}.Debug|Any CPU.Build.0 = Debug|Any CPU
		{C291B0CA-8308-4ACD-B770-E9793255EE61}.Debug|x86.ActiveCfg = Debug|x86
		{C291B0CA-8308-4ACD-B770-E9793255EE61}.Debug|x86.Build.0 = Debug|x86
		{C291B0CA-8308-4ACD-B770-E9793255EE61}.Release|Any CPU.ActiveCfg = Release|Any CPU
		{C291B0CA-8308-4ACD-B770-E9793255EE61}.Release|Any CPU.Build.0 = Release|Any CPU
		{C291B0CA-8308-4ACD-B770-E9793255EE61}.Release|x86.ActiveCfg = Release|x86
		{C291B0CA-8308-4ACD-B770-E9793255EE61}.Release|x86.Build.0 = Release|x86
		{1DEF0E56-52FB-4DE5-A741-0B82E17253E7}.Debug|Any CPU.ActiveCfg = Debug|Any CPU
		{1DEF0E56-52FB-4DE5-A741-0B82E17253E7}.Debug|Any CPU.Build.0 = Debug|Any CPU
		{1DEF0E56-52FB-4DE5-A741-0B82E17253E7}.Debug|x86.ActiveCfg = Debug|x86
		{1DEF0E56-52FB-4DE5-A741-0B82E17253E7}.Debug|x86.Build.0 = Debug|x86
		{1DEF0E56-52FB-4DE5-A741-0B82E17253E7}.Release|Any CPU.ActiveCfg = Release|Any CPU
		{1DEF0E56-52FB-4DE5-A741-0B82E17253E7}.Release|Any CPU.Build.0 = Release|Any CPU
		{1DEF0E56-52FB-4DE5-A741-0B82E17253E7}.Release|x86.ActiveCfg = Release|x86
		{1DEF0E56-52FB-4DE5-A741-0B82E17253E7}.Release|x86.Build.0 = Release|x86
	EndGlobalSection
	GlobalSection(SolutionProperties) = preSolution
		HideSolutionNode = FALSE
	EndGlobalSection
	GlobalSection(ExtensibilityGlobals) = postSolution
		SolutionGuid = {E3BB4582-32E4-4E35-8E88-B36E08FCCC80}
	EndGlobalSection
EndGlobal
